<?xml version="1.0" encoding="utf-8"?>
<Project ToolsVersion="4.0" xmlns="http://schemas.microsoft.com/developer/msbuild/2003">
  <ItemGroup>
    <Filter Include="Source Files">
      <UniqueIdentifier>{4FC737F1-C7A5-4376-A066-2A32D752A2FF}</UniqueIdentifier>
      <Extensions>cpp;c;cc;cxx;def;odl;idl;hpj;bat;asm;asmx</Extensions>
    </Filter>
    <Filter Include="Header Files">
      <UniqueIdentifier>{93995380-89BD-4b04-88EB-625FBE52EBFB}</UniqueIdentifier>
      <Extensions>h;hh;hpp;hxx;hm;inl;inc;xsd</Extensions>
    </Filter>
    <Filter Include="Resource Files">
      <UniqueIdentifier>{67DA6AB6-F800-4c08-8B7A-83BB121AAD01}</UniqueIdentifier>
      <Extensions>rc;ico;cur;bmp;dlg;rc2;rct;bin;rgs;gif;jpg;jpeg;jpe;resx;tiff;tif;png;wav;mfcribbon-ms</Extensions>
    </Filter>
  </ItemGroup>
  <ItemGroup>
    <ClCompile Include="CGdiPlusBitmap.cpp">
      <Filter>Source Files</Filter>
    </ClCompile>
    <ClCompile Include="commonui.cpp">
      <Filter>Source Files</Filter>
    </ClCompile>
    <ClCompile Include="dlgaddress.cpp">
      <Filter>Source Files</Filter>
    </ClCompile>
    <ClCompile Include="dlgshare.cpp">
      <Filter>Source Files</Filter>
    </ClCompile>
    <ClCompile Include="dlgtemplate.cpp">
      <Filter>Source Files</Filter>
    </ClCompile>
    <ClCompile Include="progressDlg.cpp">
      <Filter>Source Files</Filter>
    </ClCompile>
    <ClCompile Include="..\uiutilities\uiutilities.cpp">
      <Filter>Source Files</Filter>
    </ClCompile>
    <ClCompile Include="mfcutil2.cpp">
      <Filter>Source Files</Filter>
    </ClCompile>
    <ClCompile Include="emailAddrDlgBase.cpp">
      <Filter>Source Files</Filter>
    </ClCompile>
    <ClCompile Include="dlgproject.cpp">
      <Filter>Source Files</Filter>
    </ClCompile>
    <ClCompile Include="dlgmangeusers.cpp">
      <Filter>Source Files</Filter>
    </ClCompile>
  </ItemGroup>
  <ItemGroup>
    <None Include="commondlg.def">
      <Filter>Source Files</Filter>
    </None>
  </ItemGroup>
  <ItemGroup>
    <ResourceCompile Include="nxrmcmui.rc">
      <Filter>Resource Files</Filter>
    </ResourceCompile>
  </ItemGroup>
  <ItemGroup>
    <Image Include="check.bmp">
      <Filter>Resource Files</Filter>
    </Image>
    <Image Include="uncheck.bmp">
      <Filter>Resource Files</Filter>
    </Image>
    <Image Include="CheckBoxSel.bmp">
      <Filter>Resource Files</Filter>
    </Image>
    <Image Include="CheckBoxRd.bmp">
      <Filter>Resource Files</Filter>
    </Image>
    <Image Include="res\close_hover.png">
      <Filter>Resource Files</Filter>
    </Image>
    <Image Include="res\close_normal.png">
      <Filter>Resource Files</Filter>
    </Image>
    <Image Include="res\person.png">
      <Filter>Resource Files</Filter>
    </Image>
    <Image Include="res\Collapsible.png">
      <Filter>Resource Files</Filter>
    </Image>
    <Image Include="res\Collapsible_open.png">
      <Filter>Resource Files</Filter>
    </Image>
    <Image Include="user.ico">
      <Filter>Resource Files</Filter>
    </Image>
    <Image Include="bitmap1.bmp">
      <Filter>Resource Files</Filter>
    </Image>
    <Image Include="res\ms-word-doc-icon-11.bmp">
      <Filter>Resource Files</Filter>
    </Image>
  </ItemGroup>
  <ItemGroup>
    <Manifest Include="res\commondlg.dll.manifest" />
  </ItemGroup>
  <ItemGroup>
    <ClInclude Include="resource.h">
      <Filter>Header Files</Filter>
    </ClInclude>
    <ClInclude Include="dlgproject.hpp">
      <Filter>Header Files</Filter>
    </ClInclude>
    <ClInclude Include="..\inc\commondlg.hpp">
      <Filter>Header Files</Filter>
    </ClInclude>
    <ClInclude Include="dlgmanageusers.hpp">
      <Filter>Header Files</Filter>
    </ClInclude>
    <ClInclude Include="progressDlg.h">
      <Filter>Header Files</Filter>
    </ClInclude>
  </ItemGroup>
</Project>