
Microsoft Visual Studio Solution File, Format Version 12.00
# Visual Studio 14
VisualStudioVersion = 14.0.25420.1
MinimumVisualStudioVersion = 10.0.40219.1
Project("{8BC9CEB8-8B4A-11D0-8D11-00A0C91BC942}") = "libcommon", "common\libcommon.vcxproj", "{DF3F25C8-214B-4783-BB77-4F3EBB611171}"
EndProject
Project("{8BC9CEB8-8B4A-11D0-8D11-00A0C91BC942}") = "librmc", "librmc\librmc.vcxproj", "{0C469510-72B0-47BD-8C26-A28C1D358C65}"
	ProjectSection(ProjectDependencies) = postProject
		{1D4B832E-449D-4704-9964-24FB20DA84EC} = {1D4B832E-449D-4704-9964-24FB20DA84EC}
		{E3C1F480-4F3F-4DCE-B25B-1D73FE5097DC} = {E3C1F480-4F3F-4DCE-B25B-1D73FE5097DC}
		{F9B47C8D-EB05-4B5A-8B03-C12B0E398B8D} = {F9B47C8D-EB05-4B5A-8B03-C12B0E398B8D}
		{38036A95-12E3-4289-BAF7-9EAED560FD4B} = {38036A95-12E3-4289-BAF7-9EAED560FD4B}
		{DF3F25C8-214B-4783-BB77-4F3EBB611171} = {DF3F25C8-214B-4783-BB77-4F3EBB611171}
	EndProjectSection
EndProject
Project("{8BC9CEB8-8B4A-11D0-8D11-00A0C91BC942}") = "libcrypt", "crypt\libcrypt.vcxproj", "{38036A95-12E3-4289-BAF7-9EAED560FD4B}"
EndProject
Project("{8BC9CEB8-8B4A-11D0-8D11-00A0C91BC942}") = "librest", "rest\librest.vcxproj", "{1D4B832E-449D-4704-9964-24FB20DA84EC}"
EndProject
Project("{8BC9CEB8-8B4A-11D0-8D11-00A0C91BC942}") = "rmctest", "librmc\rmctest\rmctest.vcxproj", "{B32AFACA-661A-48D6-9ACB-BEA474E54D1E}"
	ProjectSection(ProjectDependencies) = postProject
		{0C469510-72B0-47BD-8C26-A28C1D358C65} = {0C469510-72B0-47BD-8C26-A28C1D358C65}
	EndProjectSection
EndProject
Project("{8BC9CEB8-8B4A-11D0-8D11-00A0C91BC942}") = "clientreg", "..\tools\clientreg\clientreg.vcxproj", "{8C38D0ED-0D7B-4D95-915B-204317D6A7C6}"
	ProjectSection(ProjectDependencies) = postProject
		{0C469510-72B0-47BD-8C26-A28C1D358C65} = {0C469510-72B0-47BD-8C26-A28C1D358C65}
	EndProjectSection
EndProject
Project("{8BC9CEB8-8B4A-11D0-8D11-00A0C91BC942}") = "libwinutil", "winutil\libwinutil.vcxproj", "{E3C1F480-4F3F-4DCE-B25B-1D73FE5097DC}"
EndProject
Project("{8BC9CEB8-8B4A-11D0-8D11-00A0C91BC942}") = "libnxl", "libnxl\libnxl.vcxproj", "{F9B47C8D-EB05-4B5A-8B03-C12B0E398B8D}"
EndProject
Project("{8BC9CEB8-8B4A-11D0-8D11-00A0C91BC942}") = "nxrviewer", "nxrviewer\nxrviewer.vcxproj", "{A6A7990D-615B-4532-BC32-80C2F4C41970}"
	ProjectSection(ProjectDependencies) = postProject
		{0C469510-72B0-47BD-8C26-A28C1D358C65} = {0C469510-72B0-47BD-8C26-A28C1D358C65}
		{E3C1F480-4F3F-4DCE-B25B-1D73FE5097DC} = {E3C1F480-4F3F-4DCE-B25B-1D73FE5097DC}
		{38036A95-12E3-4289-BAF7-9EAED560FD4B} = {38036A95-12E3-4289-BAF7-9EAED560FD4B}
		{DF3F25C8-214B-4783-BB77-4F3EBB611171} = {DF3F25C8-214B-4783-BB77-4F3EBB611171}
	EndProjectSection
EndProject
Project("{8BC9CEB8-8B4A-11D0-8D11-00A0C91BC942}") = "nxrmviw", "nxrmviw\nxrmviw.vcxproj", "{2F3C694E-C3E7-4B4C-BEF3-E6258884B5CA}"
EndProject
Project("{8BC9CEB8-8B4A-11D0-8D11-00A0C91BC942}") = "nxrmc", "temp\nxrmc\sources\nxrmc\nxrmc.vcxproj", "{1EF770AD-9E25-41BF-9B01-3040B9D293F6}"
	ProjectSection(ProjectDependencies) = postProject
		{0C469510-72B0-47BD-8C26-A28C1D358C65} = {0C469510-72B0-47BD-8C26-A28C1D358C65}
	EndProjectSection
EndProject
Project("{8BC9CEB8-8B4A-11D0-8D11-00A0C91BC942}") = "jsontest", "testapp\jsontest\jsontest.vcxproj", "{4570F3BE-BB24-48E3-B4DC-2996A6E45FA9}"
	ProjectSection(ProjectDependencies) = postProject
		{0C469510-72B0-47BD-8C26-A28C1D358C65} = {0C469510-72B0-47BD-8C26-A28C1D358C65}
	EndProjectSection
EndProject
Global
	GlobalSection(SolutionConfigurationPlatforms) = preSolution
		Debug_MT|x64 = Debug_MT|x64
		Debug_MT|x86 = Debug_MT|x86
		Debug|x64 = Debug|x64
		Debug|x86 = Debug|x86
		Release_MT|x64 = Release_MT|x64
		Release_MT|x86 = Release_MT|x86
		Release|x64 = Release|x64
		Release|x86 = Release|x86
	EndGlobalSection
	GlobalSection(ProjectConfigurationPlatforms) = postSolution
		{DF3F25C8-214B-4783-BB77-4F3EBB611171}.Debug_MT|x64.ActiveCfg = Debug_MT|x64
		{DF3F25C8-214B-4783-BB77-4F3EBB611171}.Debug_MT|x64.Build.0 = Debug_MT|x64
		{DF3F25C8-214B-4783-BB77-4F3EBB611171}.Debug_MT|x86.ActiveCfg = Debug_MT|Win32
		{DF3F25C8-214B-4783-BB77-4F3EBB611171}.Debug_MT|x86.Build.0 = Debug_MT|Win32
		{DF3F25C8-214B-4783-BB77-4F3EBB611171}.Debug|x64.ActiveCfg = Debug|x64
		{DF3F25C8-214B-4783-BB77-4F3EBB611171}.Debug|x64.Build.0 = Debug|x64
		{DF3F25C8-214B-4783-BB77-4F3EBB611171}.Debug|x86.ActiveCfg = Debug|Win32
		{DF3F25C8-214B-4783-BB77-4F3EBB611171}.Debug|x86.Build.0 = Debug|Win32
		{DF3F25C8-214B-4783-BB77-4F3EBB611171}.Release_MT|x64.ActiveCfg = Release_MT|x64
		{DF3F25C8-214B-4783-BB77-4F3EBB611171}.Release_MT|x64.Build.0 = Release_MT|x64
		{DF3F25C8-214B-4783-BB77-4F3EBB611171}.Release_MT|x86.ActiveCfg = Release_MT|Win32
		{DF3F25C8-214B-4783-BB77-4F3EBB611171}.Release_MT|x86.Build.0 = Release_MT|Win32
		{DF3F25C8-214B-4783-BB77-4F3EBB611171}.Release|x64.ActiveCfg = Release|x64
		{DF3F25C8-214B-4783-BB77-4F3EBB611171}.Release|x64.Build.0 = Release|x64
		{DF3F25C8-214B-4783-BB77-4F3EBB611171}.Release|x86.ActiveCfg = Release|Win32
		{DF3F25C8-214B-4783-BB77-4F3EBB611171}.Release|x86.Build.0 = Release|Win32
		{0C469510-72B0-47BD-8C26-A28C1D358C65}.Debug_MT|x64.ActiveCfg = Debug_MT|x64
		{0C469510-72B0-47BD-8C26-A28C1D358C65}.Debug_MT|x64.Build.0 = Debug_MT|x64
		{0C469510-72B0-47BD-8C26-A28C1D358C65}.Debug_MT|x86.ActiveCfg = Debug_MT|Win32
		{0C469510-72B0-47BD-8C26-A28C1D358C65}.Debug_MT|x86.Build.0 = Debug_MT|Win32
		{0C469510-72B0-47BD-8C26-A28C1D358C65}.Debug|x64.ActiveCfg = Debug|x64
		{0C469510-72B0-47BD-8C26-A28C1D358C65}.Debug|x64.Build.0 = Debug|x64
		{0C469510-72B0-47BD-8C26-A28C1D358C65}.Debug|x86.ActiveCfg = Debug|Win32
		{0C469510-72B0-47BD-8C26-A28C1D358C65}.Debug|x86.Build.0 = Debug|Win32
		{0C469510-72B0-47BD-8C26-A28C1D358C65}.Release_MT|x64.ActiveCfg = Release_MT|x64
		{0C469510-72B0-47BD-8C26-A28C1D358C65}.Release_MT|x64.Build.0 = Release_MT|x64
		{0C469510-72B0-47BD-8C26-A28C1D358C65}.Release_MT|x86.ActiveCfg = Release_MT|Win32
		{0C469510-72B0-47BD-8C26-A28C1D358C65}.Release_MT|x86.Build.0 = Release_MT|Win32
		{0C469510-72B0-47BD-8C26-A28C1D358C65}.Release|x64.ActiveCfg = Release|x64
		{0C469510-72B0-47BD-8C26-A28C1D358C65}.Release|x64.Build.0 = Release|x64
		{0C469510-72B0-47BD-8C26-A28C1D358C65}.Release|x86.ActiveCfg = Release|Win32
		{0C469510-72B0-47BD-8C26-A28C1D358C65}.Release|x86.Build.0 = Release|Win32
		{38036A95-12E3-4289-BAF7-9EAED560FD4B}.Debug_MT|x64.ActiveCfg = Debug_MT|x64
		{38036A95-12E3-4289-BAF7-9EAED560FD4B}.Debug_MT|x64.Build.0 = Debug_MT|x64
		{38036A95-12E3-4289-BAF7-9EAED560FD4B}.Debug_MT|x86.ActiveCfg = Debug_MT|Win32
		{38036A95-12E3-4289-BAF7-9EAED560FD4B}.Debug_MT|x86.Build.0 = Debug_MT|Win32
		{38036A95-12E3-4289-BAF7-9EAED560FD4B}.Debug|x64.ActiveCfg = Debug|x64
		{38036A95-12E3-4289-BAF7-9EAED560FD4B}.Debug|x64.Build.0 = Debug|x64
		{38036A95-12E3-4289-BAF7-9EAED560FD4B}.Debug|x86.ActiveCfg = Debug|Win32
		{38036A95-12E3-4289-BAF7-9EAED560FD4B}.Debug|x86.Build.0 = Debug|Win32
		{38036A95-12E3-4289-BAF7-9EAED560FD4B}.Release_MT|x64.ActiveCfg = Release_MT|x64
		{38036A95-12E3-4289-BAF7-9EAED560FD4B}.Release_MT|x64.Build.0 = Release_MT|x64
		{38036A95-12E3-4289-BAF7-9EAED560FD4B}.Release_MT|x86.ActiveCfg = Release_MT|Win32
		{38036A95-12E3-4289-BAF7-9EAED560FD4B}.Release_MT|x86.Build.0 = Release_MT|Win32
		{38036A95-12E3-4289-BAF7-9EAED560FD4B}.Release|x64.ActiveCfg = Release|x64
		{38036A95-12E3-4289-BAF7-9EAED560FD4B}.Release|x64.Build.0 = Release|x64
		{38036A95-12E3-4289-BAF7-9EAED560FD4B}.Release|x86.ActiveCfg = Release|Win32
		{38036A95-12E3-4289-BAF7-9EAED560FD4B}.Release|x86.Build.0 = Release|Win32
		{1D4B832E-449D-4704-9964-24FB20DA84EC}.Debug_MT|x64.ActiveCfg = Debug_MT|x64
		{1D4B832E-449D-4704-9964-24FB20DA84EC}.Debug_MT|x64.Build.0 = Debug_MT|x64
		{1D4B832E-449D-4704-9964-24FB20DA84EC}.Debug_MT|x86.ActiveCfg = Debug_MT|Win32
		{1D4B832E-449D-4704-9964-24FB20DA84EC}.Debug_MT|x86.Build.0 = Debug_MT|Win32
		{1D4B832E-449D-4704-9964-24FB20DA84EC}.Debug|x64.ActiveCfg = Debug|x64
		{1D4B832E-449D-4704-9964-24FB20DA84EC}.Debug|x64.Build.0 = Debug|x64
		{1D4B832E-449D-4704-9964-24FB20DA84EC}.Debug|x86.ActiveCfg = Debug|Win32
		{1D4B832E-449D-4704-9964-24FB20DA84EC}.Debug|x86.Build.0 = Debug|Win32
		{1D4B832E-449D-4704-9964-24FB20DA84EC}.Release_MT|x64.ActiveCfg = Release_MT|x64
		{1D4B832E-449D-4704-9964-24FB20DA84EC}.Release_MT|x64.Build.0 = Release_MT|x64
		{1D4B832E-449D-4704-9964-24FB20DA84EC}.Release_MT|x86.ActiveCfg = Release_MT|Win32
		{1D4B832E-449D-4704-9964-24FB20DA84EC}.Release_MT|x86.Build.0 = Release_MT|Win32
		{1D4B832E-449D-4704-9964-24FB20DA84EC}.Release|x64.ActiveCfg = Release|x64
		{1D4B832E-449D-4704-9964-24FB20DA84EC}.Release|x64.Build.0 = Release|x64
		{1D4B832E-449D-4704-9964-24FB20DA84EC}.Release|x86.ActiveCfg = Release|Win32
		{1D4B832E-449D-4704-9964-24FB20DA84EC}.Release|x86.Build.0 = Release|Win32
		{B32AFACA-661A-48D6-9ACB-BEA474E54D1E}.Debug_MT|x64.ActiveCfg = Debug_MT|x64
		{B32AFACA-661A-48D6-9ACB-BEA474E54D1E}.Debug_MT|x64.Build.0 = Debug_MT|x64
		{B32AFACA-661A-48D6-9ACB-BEA474E54D1E}.Debug_MT|x86.ActiveCfg = Debug_MT|Win32
		{B32AFACA-661A-48D6-9ACB-BEA474E54D1E}.Debug_MT|x86.Build.0 = Debug_MT|Win32
		{B32AFACA-661A-48D6-9ACB-BEA474E54D1E}.Debug|x64.ActiveCfg = Debug|x64
		{B32AFACA-661A-48D6-9ACB-BEA474E54D1E}.Debug|x64.Build.0 = Debug|x64
		{B32AFACA-661A-48D6-9ACB-BEA474E54D1E}.Debug|x86.ActiveCfg = Debug|Win32
		{B32AFACA-661A-48D6-9ACB-BEA474E54D1E}.Debug|x86.Build.0 = Debug|Win32
		{B32AFACA-661A-48D6-9ACB-BEA474E54D1E}.Release_MT|x64.ActiveCfg = Release_MT|x64
		{B32AFACA-661A-48D6-9ACB-BEA474E54D1E}.Release_MT|x64.Build.0 = Release_MT|x64
		{B32AFACA-661A-48D6-9ACB-BEA474E54D1E}.Release_MT|x86.ActiveCfg = Release_MT|Win32
		{B32AFACA-661A-48D6-9ACB-BEA474E54D1E}.Release_MT|x86.Build.0 = Release_MT|Win32
		{B32AFACA-661A-48D6-9ACB-BEA474E54D1E}.Release|x64.ActiveCfg = Release|x64
		{B32AFACA-661A-48D6-9ACB-BEA474E54D1E}.Release|x64.Build.0 = Release|x64
		{B32AFACA-661A-48D6-9ACB-BEA474E54D1E}.Release|x86.ActiveCfg = Release|Win32
		{B32AFACA-661A-48D6-9ACB-BEA474E54D1E}.Release|x86.Build.0 = Release|Win32
		{8C38D0ED-0D7B-4D95-915B-204317D6A7C6}.Debug_MT|x64.ActiveCfg = Debug_MT|x64
		{8C38D0ED-0D7B-4D95-915B-204317D6A7C6}.Debug_MT|x64.Build.0 = Debug_MT|x64
		{8C38D0ED-0D7B-4D95-915B-204317D6A7C6}.Debug_MT|x86.ActiveCfg = Debug_MT|Win32
		{8C38D0ED-0D7B-4D95-915B-204317D6A7C6}.Debug_MT|x86.Build.0 = Debug_MT|Win32
		{8C38D0ED-0D7B-4D95-915B-204317D6A7C6}.Debug|x64.ActiveCfg = Debug|x64
		{8C38D0ED-0D7B-4D95-915B-204317D6A7C6}.Debug|x64.Build.0 = Debug|x64
		{8C38D0ED-0D7B-4D95-915B-204317D6A7C6}.Debug|x86.ActiveCfg = Debug|Win32
		{8C38D0ED-0D7B-4D95-915B-204317D6A7C6}.Debug|x86.Build.0 = Debug|Win32
		{8C38D0ED-0D7B-4D95-915B-204317D6A7C6}.Release_MT|x64.ActiveCfg = Release_MT|x64
		{8C38D0ED-0D7B-4D95-915B-204317D6A7C6}.Release_MT|x64.Build.0 = Release_MT|x64
		{8C38D0ED-0D7B-4D95-915B-204317D6A7C6}.Release_MT|x86.ActiveCfg = Release_MT|Win32
		{8C38D0ED-0D7B-4D95-915B-204317D6A7C6}.Release_MT|x86.Build.0 = Release_MT|Win32
		{8C38D0ED-0D7B-4D95-915B-204317D6A7C6}.Release|x64.ActiveCfg = Release|x64
		{8C38D0ED-0D7B-4D95-915B-204317D6A7C6}.Release|x64.Build.0 = Release|x64
		{8C38D0ED-0D7B-4D95-915B-204317D6A7C6}.Release|x86.ActiveCfg = Release|Win32
		{8C38D0ED-0D7B-4D95-915B-204317D6A7C6}.Release|x86.Build.0 = Release|Win32
		{E3C1F480-4F3F-4DCE-B25B-1D73FE5097DC}.Debug_MT|x64.ActiveCfg = Debug_MT|x64
		{E3C1F480-4F3F-4DCE-B25B-1D73FE5097DC}.Debug_MT|x64.Build.0 = Debug_MT|x64
		{E3C1F480-4F3F-4DCE-B25B-1D73FE5097DC}.Debug_MT|x86.ActiveCfg = Debug_MT|Win32
		{E3C1F480-4F3F-4DCE-B25B-1D73FE5097DC}.Debug_MT|x86.Build.0 = Debug_MT|Win32
		{E3C1F480-4F3F-4DCE-B25B-1D73FE5097DC}.Debug|x64.ActiveCfg = Debug|x64
		{E3C1F480-4F3F-4DCE-B25B-1D73FE5097DC}.Debug|x64.Build.0 = Debug|x64
		{E3C1F480-4F3F-4DCE-B25B-1D73FE5097DC}.Debug|x86.ActiveCfg = Debug|Win32
		{E3C1F480-4F3F-4DCE-B25B-1D73FE5097DC}.Debug|x86.Build.0 = Debug|Win32
		{E3C1F480-4F3F-4DCE-B25B-1D73FE5097DC}.Release_MT|x64.ActiveCfg = Release_MT|x64
		{E3C1F480-4F3F-4DCE-B25B-1D73FE5097DC}.Release_MT|x64.Build.0 = Release_MT|x64
		{E3C1F480-4F3F-4DCE-B25B-1D73FE5097DC}.Release_MT|x86.ActiveCfg = Release_MT|Win32
		{E3C1F480-4F3F-4DCE-B25B-1D73FE5097DC}.Release_MT|x86.Build.0 = Release_MT|Win32
		{E3C1F480-4F3F-4DCE-B25B-1D73FE5097DC}.Release|x64.ActiveCfg = Release|x64
		{E3C1F480-4F3F-4DCE-B25B-1D73FE5097DC}.Release|x64.Build.0 = Release|x64
		{E3C1F480-4F3F-4DCE-B25B-1D73FE5097DC}.Release|x86.ActiveCfg = Release|Win32
		{E3C1F480-4F3F-4DCE-B25B-1D73FE5097DC}.Release|x86.Build.0 = Release|Win32
		{F9B47C8D-EB05-4B5A-8B03-C12B0E398B8D}.Debug_MT|x64.ActiveCfg = Debug_MT|x64
		{F9B47C8D-EB05-4B5A-8B03-C12B0E398B8D}.Debug_MT|x64.Build.0 = Debug_MT|x64
		{F9B47C8D-EB05-4B5A-8B03-C12B0E398B8D}.Debug_MT|x86.ActiveCfg = Debug_MT|Win32
		{F9B47C8D-EB05-4B5A-8B03-C12B0E398B8D}.Debug_MT|x86.Build.0 = Debug_MT|Win32
		{F9B47C8D-EB05-4B5A-8B03-C12B0E398B8D}.Debug|x64.ActiveCfg = Debug|x64
		{F9B47C8D-EB05-4B5A-8B03-C12B0E398B8D}.Debug|x64.Build.0 = Debug|x64
		{F9B47C8D-EB05-4B5A-8B03-C12B0E398B8D}.Debug|x86.ActiveCfg = Debug|Win32
		{F9B47C8D-EB05-4B5A-8B03-C12B0E398B8D}.Debug|x86.Build.0 = Debug|Win32
		{F9B47C8D-EB05-4B5A-8B03-C12B0E398B8D}.Release_MT|x64.ActiveCfg = Release_MT|x64
		{F9B47C8D-EB05-4B5A-8B03-C12B0E398B8D}.Release_MT|x64.Build.0 = Release_MT|x64
		{F9B47C8D-EB05-4B5A-8B03-C12B0E398B8D}.Release_MT|x86.ActiveCfg = Release_MT|Win32
		{F9B47C8D-EB05-4B5A-8B03-C12B0E398B8D}.Release_MT|x86.Build.0 = Release_MT|Win32
		{F9B47C8D-EB05-4B5A-8B03-C12B0E398B8D}.Release|x64.ActiveCfg = Release|x64
		{F9B47C8D-EB05-4B5A-8B03-C12B0E398B8D}.Release|x64.Build.0 = Release|x64
		{F9B47C8D-EB05-4B5A-8B03-C12B0E398B8D}.Release|x86.ActiveCfg = Release|Win32
		{F9B47C8D-EB05-4B5A-8B03-C12B0E398B8D}.Release|x86.Build.0 = Release|Win32
		{A6A7990D-615B-4532-BC32-80C2F4C41970}.Debug_MT|x64.ActiveCfg = Debug_MT|x64
		{A6A7990D-615B-4532-BC32-80C2F4C41970}.Debug_MT|x64.Build.0 = Debug_MT|x64
		{A6A7990D-615B-4532-BC32-80C2F4C41970}.Debug_MT|x86.ActiveCfg = Debug_MT|Win32
		{A6A7990D-615B-4532-BC32-80C2F4C41970}.Debug_MT|x86.Build.0 = Debug_MT|Win32
		{A6A7990D-615B-4532-BC32-80C2F4C41970}.Debug|x64.ActiveCfg = Debug|x64
		{A6A7990D-615B-4532-BC32-80C2F4C41970}.Debug|x64.Build.0 = Debug|x64
		{A6A7990D-615B-4532-BC32-80C2F4C41970}.Debug|x86.ActiveCfg = Debug|Win32
		{A6A7990D-615B-4532-BC32-80C2F4C41970}.Debug|x86.Build.0 = Debug|Win32
		{A6A7990D-615B-4532-BC32-80C2F4C41970}.Release_MT|x64.ActiveCfg = Release_MT|x64
		{A6A7990D-615B-4532-BC32-80C2F4C41970}.Release_MT|x64.Build.0 = Release_MT|x64
		{A6A7990D-615B-4532-BC32-80C2F4C41970}.Release_MT|x86.ActiveCfg = Release_MT|Win32
		{A6A7990D-615B-4532-BC32-80C2F4C41970}.Release_MT|x86.Build.0 = Release_MT|Win32
		{A6A7990D-615B-4532-BC32-80C2F4C41970}.Release|x64.ActiveCfg = Release|x64
		{A6A7990D-615B-4532-BC32-80C2F4C41970}.Release|x64.Build.0 = Release|x64
		{A6A7990D-615B-4532-BC32-80C2F4C41970}.Release|x86.ActiveCfg = Release|Win32
		{A6A7990D-615B-4532-BC32-80C2F4C41970}.Release|x86.Build.0 = Release|Win32
		{2F3C694E-C3E7-4B4C-BEF3-E6258884B5CA}.Debug_MT|x64.ActiveCfg = Debug_MT|x64
		{2F3C694E-C3E7-4B4C-BEF3-E6258884B5CA}.Debug_MT|x64.Build.0 = Debug_MT|x64
		{2F3C694E-C3E7-4B4C-BEF3-E6258884B5CA}.Debug_MT|x86.ActiveCfg = Debug_MT|Win32
		{2F3C694E-C3E7-4B4C-BEF3-E6258884B5CA}.Debug_MT|x86.Build.0 = Debug_MT|Win32
		{2F3C694E-C3E7-4B4C-BEF3-E6258884B5CA}.Debug|x64.ActiveCfg = Debug|x64
		{2F3C694E-C3E7-4B4C-BEF3-E6258884B5CA}.Debug|x64.Build.0 = Debug|x64
		{2F3C694E-C3E7-4B4C-BEF3-E6258884B5CA}.Debug|x86.ActiveCfg = Debug|Win32
		{2F3C694E-C3E7-4B4C-BEF3-E6258884B5CA}.Debug|x86.Build.0 = Debug|Win32
		{2F3C694E-C3E7-4B4C-BEF3-E6258884B5CA}.Release_MT|x64.ActiveCfg = Release_MT|x64
		{2F3C694E-C3E7-4B4C-BEF3-E6258884B5CA}.Release_MT|x64.Build.0 = Release_MT|x64
		{2F3C694E-C3E7-4B4C-BEF3-E6258884B5CA}.Release_MT|x86.ActiveCfg = Release_MT|Win32
		{2F3C694E-C3E7-4B4C-BEF3-E6258884B5CA}.Release_MT|x86.Build.0 = Release_MT|Win32
		{2F3C694E-C3E7-4B4C-BEF3-E6258884B5CA}.Release|x64.ActiveCfg = Release|x64
		{2F3C694E-C3E7-4B4C-BEF3-E6258884B5CA}.Release|x64.Build.0 = Release|x64
		{2F3C694E-C3E7-4B4C-BEF3-E6258884B5CA}.Release|x86.ActiveCfg = Release|Win32
		{2F3C694E-C3E7-4B4C-BEF3-E6258884B5CA}.Release|x86.Build.0 = Release|Win32
		{1EF770AD-9E25-41BF-9B01-3040B9D293F6}.Debug_MT|x64.ActiveCfg = Debug_MT|x64
		{1EF770AD-9E25-41BF-9B01-3040B9D293F6}.Debug_MT|x64.Build.0 = Debug_MT|x64
		{1EF770AD-9E25-41BF-9B01-3040B9D293F6}.Debug_MT|x86.ActiveCfg = Debug_MT|Win32
		{1EF770AD-9E25-41BF-9B01-3040B9D293F6}.Debug_MT|x86.Build.0 = Debug_MT|Win32
		{1EF770AD-9E25-41BF-9B01-3040B9D293F6}.Debug|x64.ActiveCfg = Debug|x64
		{1EF770AD-9E25-41BF-9B01-3040B9D293F6}.Debug|x64.Build.0 = Debug|x64
		{1EF770AD-9E25-41BF-9B01-3040B9D293F6}.Debug|x86.ActiveCfg = Debug|Win32
		{1EF770AD-9E25-41BF-9B01-3040B9D293F6}.Debug|x86.Build.0 = Debug|Win32
		{1EF770AD-9E25-41BF-9B01-3040B9D293F6}.Release_MT|x64.ActiveCfg = Release_MT|x64
		{1EF770AD-9E25-41BF-9B01-3040B9D293F6}.Release_MT|x64.Build.0 = Release_MT|x64
		{1EF770AD-9E25-41BF-9B01-3040B9D293F6}.Release_MT|x86.ActiveCfg = Release_MT|Win32
		{1EF770AD-9E25-41BF-9B01-3040B9D293F6}.Release_MT|x86.Build.0 = Release_MT|Win32
		{1EF770AD-9E25-41BF-9B01-3040B9D293F6}.Release|x64.ActiveCfg = Release|x64
		{1EF770AD-9E25-41BF-9B01-3040B9D293F6}.Release|x64.Build.0 = Release|x64
		{1EF770AD-9E25-41BF-9B01-3040B9D293F6}.Release|x86.ActiveCfg = Release|Win32
		{1EF770AD-9E25-41BF-9B01-3040B9D293F6}.Release|x86.Build.0 = Release|Win32
		{4570F3BE-BB24-48E3-B4DC-2996A6E45FA9}.Debug_MT|x64.ActiveCfg = Debug_MT|x64
		{4570F3BE-BB24-48E3-B4DC-2996A6E45FA9}.Debug_MT|x64.Build.0 = Debug_MT|x64
		{4570F3BE-BB24-48E3-B4DC-2996A6E45FA9}.Debug_MT|x86.ActiveCfg = Debug_MT|Win32
		{4570F3BE-BB24-48E3-B4DC-2996A6E45FA9}.Debug_MT|x86.Build.0 = Debug_MT|Win32
		{4570F3BE-BB24-48E3-B4DC-2996A6E45FA9}.Debug|x64.ActiveCfg = Debug|x64
		{4570F3BE-BB24-48E3-B4DC-2996A6E45FA9}.Debug|x64.Build.0 = Debug|x64
		{4570F3BE-BB24-48E3-B4DC-2996A6E45FA9}.Debug|x86.ActiveCfg = Debug|Win32
		{4570F3BE-BB24-48E3-B4DC-2996A6E45FA9}.Debug|x86.Build.0 = Debug|Win32
		{4570F3BE-BB24-48E3-B4DC-2996A6E45FA9}.Release_MT|x64.ActiveCfg = Release_MT|x64
		{4570F3BE-BB24-48E3-B4DC-2996A6E45FA9}.Release_MT|x64.Build.0 = Release_MT|x64
		{4570F3BE-BB24-48E3-B4DC-2996A6E45FA9}.Release_MT|x86.ActiveCfg = Release_MT|Win32
		{4570F3BE-BB24-48E3-B4DC-2996A6E45FA9}.Release_MT|x86.Build.0 = Release_MT|Win32
		{4570F3BE-BB24-48E3-B4DC-2996A6E45FA9}.Release|x64.ActiveCfg = Release|x64
		{4570F3BE-BB24-48E3-B4DC-2996A6E45FA9}.Release|x64.Build.0 = Release|x64
		{4570F3BE-BB24-48E3-B4DC-2996A6E45FA9}.Release|x86.ActiveCfg = Release|Win32
		{4570F3BE-BB24-48E3-B4DC-2996A6E45FA9}.Release|x86.Build.0 = Release|Win32
	EndGlobalSection
	GlobalSection(SolutionProperties) = preSolution
		HideSolutionNode = FALSE
	EndGlobalSection
EndGlobal
