<?xml version="1.0" encoding="utf-8"?>
<Project ToolsVersion="4.0" xmlns="http://schemas.microsoft.com/developer/msbuild/2003">
  <ItemGroup>
    <Filter Include="Source Files">
      <UniqueIdentifier>{4FC737F1-C7A5-4376-A066-2A32D752A2FF}</UniqueIdentifier>
      <Extensions>cpp;c;cc;cxx;def;odl;idl;hpj;bat;asm;asmx</Extensions>
    </Filter>
    <Filter Include="Header Files">
      <UniqueIdentifier>{93995380-89BD-4b04-88EB-625FBE52EBFB}</UniqueIdentifier>
      <Extensions>h;hh;hpp;hxx;hm;inl;inc;xsd</Extensions>
    </Filter>
    <Filter Include="Resource Files">
      <UniqueIdentifier>{67DA6AB6-F800-4c08-8B7A-83BB121AAD01}</UniqueIdentifier>
      <Extensions>rc;ico;cur;bmp;dlg;rc2;rct;bin;rgs;gif;jpg;jpeg;jpe;resx;tiff;tif;png;wav;mfcribbon-ms</Extensions>
    </Filter>
  </ItemGroup>
  <ItemGroup>
    <ClInclude Include="stdafx.h">
      <Filter>Header Files</Filter>
    </ClInclude>
    <ClInclude Include="targetver.h">
      <Filter>Header Files</Filter>
    </ClInclude>
    <ClInclude Include="..\..\include\nx\rmc\keym.h">
      <Filter>Header Files</Filter>
    </ClInclude>
    <ClInclude Include="..\..\include\nx\rmc\rest.h">
      <Filter>Header Files</Filter>
    </ClInclude>
    <ClInclude Include="..\..\include\nx\rmc\rmserver.h">
      <Filter>Header Files</Filter>
    </ClInclude>
    <ClInclude Include="..\..\include\nx\rmc\router.h">
      <Filter>Header Files</Filter>
    </ClInclude>
    <ClInclude Include="..\..\include\nx\rmc\session.h">
      <Filter>Header Files</Filter>
    </ClInclude>
    <ClInclude Include="..\..\include\nx\rmc\tenant.h">
      <Filter>Header Files</Filter>
    </ClInclude>
    <ClInclude Include="..\..\include\nx\rmc\user.h">
      <Filter>Header Files</Filter>
    </ClInclude>
    <ClInclude Include="..\..\include\nx\rmc\cache.h">
      <Filter>Header Files</Filter>
    </ClInclude>
    <ClInclude Include="..\..\include\nx\rmc\dirs.h">
      <Filter>Header Files</Filter>
    </ClInclude>
    <ClInclude Include="..\..\include\nx\rmc\repo.h">
      <Filter>Header Files</Filter>
    </ClInclude>
    <ClInclude Include="..\..\include\nx\rmc\securefile.h">
      <Filter>Header Files</Filter>
    </ClInclude>
    <ClInclude Include="..\..\include\nx\rmc\upgrade.h">
      <Filter>Header Files</Filter>
    </ClInclude>
    <ClInclude Include="..\..\include\nx\rmc\activity.h">
      <Filter>Header Files</Filter>
    </ClInclude>
    <ClInclude Include="..\..\include\nx\rmc\heartbeat.h">
      <Filter>Header Files</Filter>
    </ClInclude>
    <ClInclude Include="..\..\include\nx\rmc\project.h">
      <Filter>Header Files</Filter>
    </ClInclude>
    <ClInclude Include="..\..\include\nx\rmc\search.h">
      <Filter>Header Files</Filter>
    </ClInclude>
    <ClInclude Include="..\..\include\nx\rmc\viewermgr.h">
      <Filter>Header Files</Filter>
    </ClInclude>
    <ClInclude Include="..\..\include\nx\rmc\watermark.h">
      <Filter>Header Files</Filter>
    </ClInclude>
    <ClInclude Include="..\..\include\nx\rmc\product.h">
      <Filter>Header Files</Filter>
    </ClInclude>
  </ItemGroup>
  <ItemGroup>
    <ClCompile Include="stdafx.cpp">
      <Filter>Source Files</Filter>
    </ClCompile>
    <ClCompile Include="librmc.cpp">
      <Filter>Source Files</Filter>
    </ClCompile>
    <ClCompile Include="session.cpp">
      <Filter>Source Files</Filter>
    </ClCompile>
    <ClCompile Include="cache.cpp">
      <Filter>Source Files</Filter>
    </ClCompile>
    <ClCompile Include="dirs.cpp">
      <Filter>Source Files</Filter>
    </ClCompile>
    <ClCompile Include="tenant.cpp">
      <Filter>Source Files</Filter>
    </ClCompile>
    <ClCompile Include="rest.cpp">
      <Filter>Source Files</Filter>
    </ClCompile>
    <ClCompile Include="user.cpp">
      <Filter>Source Files</Filter>
    </ClCompile>
    <ClCompile Include="router.cpp">
      <Filter>Source Files</Filter>
    </ClCompile>
    <ClCompile Include="rmserver.cpp">
      <Filter>Source Files</Filter>
    </ClCompile>
    <ClCompile Include="keym.cpp">
      <Filter>Source Files</Filter>
    </ClCompile>
    <ClCompile Include="rest_router.cpp">
      <Filter>Source Files</Filter>
    </ClCompile>
    <ClCompile Include="rest_login.cpp">
      <Filter>Source Files</Filter>
    </ClCompile>
    <ClCompile Include="rest_user.cpp">
      <Filter>Source Files</Filter>
    </ClCompile>
    <ClCompile Include="rest_tenant.cpp">
      <Filter>Source Files</Filter>
    </ClCompile>
    <ClCompile Include="rest_membership.cpp">
      <Filter>Source Files</Filter>
    </ClCompile>
    <ClCompile Include="rest_token.cpp">
      <Filter>Source Files</Filter>
    </ClCompile>
    <ClCompile Include="rest_share.cpp">
      <Filter>Source Files</Filter>
    </ClCompile>
    <ClCompile Include="rest_log.cpp">
      <Filter>Source Files</Filter>
    </ClCompile>
    <ClCompile Include="rest_heartbeat.cpp">
      <Filter>Source Files</Filter>
    </ClCompile>
    <ClCompile Include="rest_checkupdate.cpp">
      <Filter>Source Files</Filter>
    </ClCompile>
    <ClCompile Include="rest_repo.cpp">
      <Filter>Source Files</Filter>
    </ClCompile>
    <ClCompile Include="rest_repofile.cpp">
      <Filter>Source Files</Filter>
    </ClCompile>
    <ClCompile Include="rest_mydrive.cpp">
      <Filter>Source Files</Filter>
    </ClCompile>
    <ClCompile Include="rest_myvault.cpp">
      <Filter>Source Files</Filter>
    </ClCompile>
    <ClCompile Include="rest_project.cpp">
      <Filter>Source Files</Filter>
    </ClCompile>
    <ClCompile Include="repo.cpp">
      <Filter>Source Files</Filter>
    </ClCompile>
    <ClCompile Include="securefile.cpp">
      <Filter>Source Files</Filter>
    </ClCompile>
    <ClCompile Include="session_login.cpp">
      <Filter>Source Files</Filter>
    </ClCompile>
    <ClCompile Include="session_dirs.cpp">
      <Filter>Source Files</Filter>
    </ClCompile>
    <ClCompile Include="session_mydrive.cpp">
      <Filter>Source Files</Filter>
    </ClCompile>
    <ClCompile Include="upgrade.cpp">
      <Filter>Source Files</Filter>
    </ClCompile>
    <ClCompile Include="activity.cpp">
      <Filter>Source Files</Filter>
    </ClCompile>
    <ClCompile Include="heartbeat.cpp">
      <Filter>Source Files</Filter>
    </ClCompile>
    <ClCompile Include="project.cpp">
      <Filter>Source Files</Filter>
    </ClCompile>
    <ClCompile Include="session_myvault.cpp">
      <Filter>Source Files</Filter>
    </ClCompile>
    <ClCompile Include="search.cpp">
      <Filter>Source Files</Filter>
    </ClCompile>
    <ClCompile Include="session_project.cpp">
      <Filter>Source Files</Filter>
    </ClCompile>
    <ClCompile Include="rest_upload.cpp">
      <Filter>Source Files</Filter>
    </ClCompile>
    <ClCompile Include="session_localfile.cpp">
      <Filter>Source Files</Filter>
    </ClCompile>
    <ClCompile Include="session_repo.cpp">
      <Filter>Source Files</Filter>
    </ClCompile>
    <ClCompile Include="rest_dropbox.cpp">
      <Filter>Source Files</Filter>
    </ClCompile>
    <ClCompile Include="session_dropbox.cpp">
      <Filter>Source Files</Filter>
    </ClCompile>
    <ClCompile Include="rest_googledrive.cpp">
      <Filter>Source Files</Filter>
    </ClCompile>
    <ClCompile Include="session_googledrive.cpp">
      <Filter>Source Files</Filter>
    </ClCompile>
    <ClCompile Include="viewvermgr.cpp">
      <Filter>Source Files</Filter>
    </ClCompile>
    <ClCompile Include="session_viewer.cpp">
      <Filter>Source Files</Filter>
    </ClCompile>
    <ClCompile Include="rest_viewer.cpp">
      <Filter>Source Files</Filter>
    </ClCompile>
    <ClCompile Include="watermark.cpp">
      <Filter>Source Files</Filter>
    </ClCompile>
    <ClCompile Include="product.cpp">
      <Filter>Source Files</Filter>
    </ClCompile>
    <ClCompile Include="rest_onedrive.cpp">
      <Filter>Source Files</Filter>
    </ClCompile>
    <ClCompile Include="session_onedrive.cpp">
      <Filter>Source Files</Filter>
    </ClCompile>
    <ClCompile Include="rest_sharepointonline.cpp">
      <Filter>Source Files</Filter>
    </ClCompile>
    <ClCompile Include="session_sharepointonline.cpp">
      <Filter>Source Files</Filter>
    </ClCompile>
    <ClCompile Include="session_activities.cpp">
      <Filter>Source Files</Filter>
    </ClCompile>
  </ItemGroup>
</Project>