<?xml version="1.0" encoding="utf-8"?>
<Project ToolsVersion="4.0" xmlns="http://schemas.microsoft.com/developer/msbuild/2003">
  <ItemGroup>
    <Filter Include="Source Files">
      <UniqueIdentifier>{4FC737F1-C7A5-4376-A066-2A32D752A2FF}</UniqueIdentifier>
      <Extensions>cpp;c;cc;cxx;def;odl;idl;hpj;bat;asm;asmx</Extensions>
    </Filter>
    <Filter Include="Header Files">
      <UniqueIdentifier>{93995380-89BD-4b04-88EB-625FBE52EBFB}</UniqueIdentifier>
      <Extensions>h;hh;hpp;hxx;hm;inl;inc;xsd</Extensions>
    </Filter>
    <Filter Include="Resource Files">
      <UniqueIdentifier>{67DA6AB6-F800-4c08-8B7A-83BB121AAD01}</UniqueIdentifier>
      <Extensions>rc;ico;cur;bmp;dlg;rc2;rct;bin;rgs;gif;jpg;jpeg;jpe;resx;tiff;tif;png;wav;mfcribbon-ms</Extensions>
    </Filter>
    <Filter Include="Source Files\bignum">
      <UniqueIdentifier>{5d4401b0-85c4-47bb-aa63-7bac424e46af}</UniqueIdentifier>
    </Filter>
  </ItemGroup>
  <ItemGroup>
    <ClInclude Include="stdafx.h">
      <Filter>Header Files</Filter>
    </ClInclude>
    <ClInclude Include="targetver.h">
      <Filter>Header Files</Filter>
    </ClInclude>
    <ClInclude Include="..\..\include\nx\crypt\dh.h">
      <Filter>Header Files</Filter>
    </ClInclude>
    <ClInclude Include="..\..\include\nx\crypt\md5.h">
      <Filter>Header Files</Filter>
    </ClInclude>
    <ClInclude Include="..\..\include\nx\crypt\rsa.h">
      <Filter>Header Files</Filter>
    </ClInclude>
    <ClInclude Include="..\..\include\nx\crypt\sha.h">
      <Filter>Header Files</Filter>
    </ClInclude>
    <ClInclude Include="..\..\include\nx\crypt\aes.h">
      <Filter>Header Files</Filter>
    </ClInclude>
    <ClInclude Include="..\..\include\nx\crypt\crc.h">
      <Filter>Header Files</Filter>
    </ClInclude>
    <ClInclude Include="provider.h">
      <Filter>Header Files</Filter>
    </ClInclude>
    <ClInclude Include="..\..\include\nx\crypt\basic.h">
      <Filter>Header Files</Filter>
    </ClInclude>
    <ClInclude Include="..\..\include\nx\crypt\cert.h">
      <Filter>Header Files</Filter>
    </ClInclude>
  </ItemGroup>
  <ItemGroup>
    <ClCompile Include="stdafx.cpp">
      <Filter>Source Files</Filter>
    </ClCompile>
    <ClCompile Include="libcrypt.cpp">
      <Filter>Source Files</Filter>
    </ClCompile>
    <ClCompile Include="aes.cpp">
      <Filter>Source Files</Filter>
    </ClCompile>
    <ClCompile Include="crc.cpp">
      <Filter>Source Files</Filter>
    </ClCompile>
    <ClCompile Include="dh.cpp">
      <Filter>Source Files</Filter>
    </ClCompile>
    <ClCompile Include="md5.cpp">
      <Filter>Source Files</Filter>
    </ClCompile>
    <ClCompile Include="rsa.cpp">
      <Filter>Source Files</Filter>
    </ClCompile>
    <ClCompile Include="sha.cpp">
      <Filter>Source Files</Filter>
    </ClCompile>
    <ClCompile Include="provider.cpp">
      <Filter>Source Files</Filter>
    </ClCompile>
    <ClCompile Include="basic.cpp">
      <Filter>Source Files</Filter>
    </ClCompile>
    <ClCompile Include="bignum\bn_add.c">
      <Filter>Source Files\bignum</Filter>
    </ClCompile>
    <ClCompile Include="bignum\bn_asm.c">
      <Filter>Source Files\bignum</Filter>
    </ClCompile>
    <ClCompile Include="bignum\bn_blind.c">
      <Filter>Source Files\bignum</Filter>
    </ClCompile>
    <ClCompile Include="bignum\bn_const.c">
      <Filter>Source Files\bignum</Filter>
    </ClCompile>
    <ClCompile Include="bignum\bn_ctx.c">
      <Filter>Source Files\bignum</Filter>
    </ClCompile>
    <ClCompile Include="bignum\bn_depr.c">
      <Filter>Source Files\bignum</Filter>
    </ClCompile>
    <ClCompile Include="bignum\bn_div.c">
      <Filter>Source Files\bignum</Filter>
    </ClCompile>
    <ClCompile Include="bignum\bn_err.c">
      <Filter>Source Files\bignum</Filter>
    </ClCompile>
    <ClCompile Include="bignum\bn_exp.c">
      <Filter>Source Files\bignum</Filter>
    </ClCompile>
    <ClCompile Include="bignum\bn_exp2.c">
      <Filter>Source Files\bignum</Filter>
    </ClCompile>
    <ClCompile Include="bignum\bn_gcd.c">
      <Filter>Source Files\bignum</Filter>
    </ClCompile>
    <ClCompile Include="bignum\bn_gf2m.c">
      <Filter>Source Files\bignum</Filter>
    </ClCompile>
    <ClCompile Include="bignum\bn_kron.c">
      <Filter>Source Files\bignum</Filter>
    </ClCompile>
    <ClCompile Include="bignum\bn_lib.c">
      <Filter>Source Files\bignum</Filter>
    </ClCompile>
    <ClCompile Include="bignum\bn_mod.c">
      <Filter>Source Files\bignum</Filter>
    </ClCompile>
    <ClCompile Include="bignum\bn_mont.c">
      <Filter>Source Files\bignum</Filter>
    </ClCompile>
    <ClCompile Include="bignum\bn_mpi.c">
      <Filter>Source Files\bignum</Filter>
    </ClCompile>
    <ClCompile Include="bignum\bn_mul.c">
      <Filter>Source Files\bignum</Filter>
    </ClCompile>
    <ClCompile Include="bignum\bn_nist.c">
      <Filter>Source Files\bignum</Filter>
    </ClCompile>
    <ClCompile Include="bignum\bn_prime.c">
      <Filter>Source Files\bignum</Filter>
    </ClCompile>
    <ClCompile Include="bignum\bn_print.c">
      <Filter>Source Files\bignum</Filter>
    </ClCompile>
    <ClCompile Include="bignum\bn_rand.c">
      <Filter>Source Files\bignum</Filter>
    </ClCompile>
    <ClCompile Include="bignum\bn_recp.c">
      <Filter>Source Files\bignum</Filter>
    </ClCompile>
    <ClCompile Include="bignum\bn_shift.c">
      <Filter>Source Files\bignum</Filter>
    </ClCompile>
    <ClCompile Include="bignum\bn_sqr.c">
      <Filter>Source Files\bignum</Filter>
    </ClCompile>
    <ClCompile Include="bignum\bn_sqrt.c">
      <Filter>Source Files\bignum</Filter>
    </ClCompile>
    <ClCompile Include="bignum\bn_word.c">
      <Filter>Source Files\bignum</Filter>
    </ClCompile>
    <ClCompile Include="bignum\bn_x931p.c">
      <Filter>Source Files\bignum</Filter>
    </ClCompile>
    <ClCompile Include="bignum\mem.c">
      <Filter>Source Files\bignum</Filter>
    </ClCompile>
    <ClCompile Include="bignum\mem_clr.c">
      <Filter>Source Files\bignum</Filter>
    </ClCompile>
    <ClCompile Include="bignum\o_init.c">
      <Filter>Source Files\bignum</Filter>
    </ClCompile>
    <ClCompile Include="bignum\vms-helper.c">
      <Filter>Source Files\bignum</Filter>
    </ClCompile>
    <ClCompile Include="cert.cpp">
      <Filter>Source Files</Filter>
    </ClCompile>
  </ItemGroup>
</Project>